
Microsoft Visual Studio Solution File, Format Version 12.00
# Visual Studio Version 17
VisualStudioVersion = 17.8.34525.116
MinimumVisualStudioVersion = 10.0.40219.1
Project("{9A19103F-16F7-4668-BE54-9A1E7A4F7556}") = "LABBIT_03", "LABBIT_03.csproj", "{D15F5343-2BA0-4780-B235-A4CE3463D261}"
EndProject
Project("{FAE04EC0-301F-11D3-BF4B-00C04F79EFBC}") = "AccountUnitTest", "..\AccountUnitTest\AccountUnitTest.csproj", "{10202B60-6ED5-4C32-A678-DBB8DFD34FC3}"
EndProject
Global
	GlobalSection(SolutionConfigurationPlatforms) = preSolution
		Debug|Any CPU = Debug|Any CPU
		Release|Any CPU = Release|Any CPU
	EndGlobalSection
	GlobalSection(ProjectConfigurationPlatforms) = postSolution
		{D15F5343-2BA0-4780-B235-A4CE3463D261}.Debug|Any CPU.ActiveCfg = Debug|Any CPU
		{D15F5343-2BA0-4780-B235-A4CE3463D261}.Debug|Any CPU.Build.0 = Debug|Any CPU
		{D15F5343-2BA0-4780-B235-A4CE3463D261}.Release|Any CPU.ActiveCfg = Release|Any CPU
		{D15F5343-2BA0-4780-B235-A4CE3463D261}.Release|Any CPU.Build.0 = Release|Any CPU
		{10202B60-6ED5-4C32-A678-DBB8DFD34FC3}.Debug|Any CPU.ActiveCfg = Debug|Any CPU
		{10202B60-6ED5-4C32-A678-DBB8DFD34FC3}.Debug|Any CPU.Build.0 = Debug|Any CPU
		{10202B60-6ED5-4C32-A678-DBB8DFD34FC3}.Release|Any CPU.ActiveCfg = Release|Any CPU
		{10202B60-6ED5-4C32-A678-DBB8DFD34FC3}.Release|Any CPU.Build.0 = Release|Any CPU
	EndGlobalSection
	GlobalSection(SolutionProperties) = preSolution
		HideSolutionNode = FALSE
	EndGlobalSection
	GlobalSection(ExtensibilityGlobals) = postSolution
		SolutionGuid = {3A35321B-6853-4508-A8F5-55707E3CBC9C}
	EndGlobalSection
EndGlobal
