
Microsoft Visual Studio Solution File, Format Version 12.00
# Visual Studio Version 17
VisualStudioVersion = 17.8.34525.116
MinimumVisualStudioVersion = 10.0.40219.1
Project("{FAE04EC0-301F-11D3-BF4B-00C04F79EFBC}") = "Assignment_01_v2", "Assignment_01_v2.csproj", "{DBA4E859-34AD-4884-92A0-68E0267AEB0C}"
EndProject
Global
	GlobalSection(SolutionConfigurationPlatforms) = preSolution
		Debug|Any CPU = Debug|Any CPU
		Release|Any CPU = Release|Any CPU
	EndGlobalSection
	GlobalSection(ProjectConfigurationPlatforms) = postSolution
		{DBA4E859-34AD-4884-92A0-68E0267AEB0C}.Debug|Any CPU.ActiveCfg = Debug|Any CPU
		{DBA4E859-34AD-4884-92A0-68E0267AEB0C}.Debug|Any CPU.Build.0 = Debug|Any CPU
		{DBA4E859-34AD-4884-92A0-68E0267AEB0C}.Release|Any CPU.ActiveCfg = Release|Any CPU
		{DBA4E859-34AD-4884-92A0-68E0267AEB0C}.Release|Any CPU.Build.0 = Release|Any CPU
	EndGlobalSection
	GlobalSection(SolutionProperties) = preSolution
		HideSolutionNode = FALSE
	EndGlobalSection
	GlobalSection(ExtensibilityGlobals) = postSolution
		SolutionGuid = {A7CDAF1A-AE07-4B8B-B98A-C7F68DBBCADE}
	EndGlobalSection
EndGlobal
