
Microsoft Visual Studio Solution File, Format Version 12.00
# Visual Studio Version 17
VisualStudioVersion = 17.8.34601.278
MinimumVisualStudioVersion = 10.0.40219.1
Project("{9A19103F-16F7-4668-BE54-9A1E7A4F7556}") = "ROUGH_ELEVENS", "ROUGH_ELEVENS.csproj", "{E3C6CE60-4F78-4088-8205-273E1E90D267}"
EndProject
Project("{FAE04EC0-301F-11D3-BF4B-00C04F79EFBC}") = "ROUGH_ELEVENS_TESTS", "..\ROUGH_ELEVENS_TESTS\ROUGH_ELEVENS_TESTS.csproj", "{A577547E-7FA6-4AFF-ACBC-4026B33BD560}"
EndProject
Global
	GlobalSection(SolutionConfigurationPlatforms) = preSolution
		Debug|Any CPU = Debug|Any CPU
		Release|Any CPU = Release|Any CPU
	EndGlobalSection
	GlobalSection(ProjectConfigurationPlatforms) = postSolution
		{E3C6CE60-4F78-4088-8205-273E1E90D267}.Debug|Any CPU.ActiveCfg = Debug|Any CPU
		{E3C6CE60-4F78-4088-8205-273E1E90D267}.Debug|Any CPU.Build.0 = Debug|Any CPU
		{E3C6CE60-4F78-4088-8205-273E1E90D267}.Release|Any CPU.ActiveCfg = Release|Any CPU
		{E3C6CE60-4F78-4088-8205-273E1E90D267}.Release|Any CPU.Build.0 = Release|Any CPU
		{A577547E-7FA6-4AFF-ACBC-4026B33BD560}.Debug|Any CPU.ActiveCfg = Debug|Any CPU
		{A577547E-7FA6-4AFF-ACBC-4026B33BD560}.Debug|Any CPU.Build.0 = Debug|Any CPU
		{A577547E-7FA6-4AFF-ACBC-4026B33BD560}.Release|Any CPU.ActiveCfg = Release|Any CPU
		{A577547E-7FA6-4AFF-ACBC-4026B33BD560}.Release|Any CPU.Build.0 = Release|Any CPU
	EndGlobalSection
	GlobalSection(SolutionProperties) = preSolution
		HideSolutionNode = FALSE
	EndGlobalSection
	GlobalSection(ExtensibilityGlobals) = postSolution
		SolutionGuid = {D78535F2-31B7-462F-8E25-81A2074869CA}
	EndGlobalSection
EndGlobal
