
Microsoft Visual Studio Solution File, Format Version 12.00
# Visual Studio Version 16
VisualStudioVersion = 16.0.34407.143
MinimumVisualStudioVersion = 10.0.40219.1
Project("{FAE04EC0-301F-11D3-BF4B-00C04F79EFBC}") = "ProgrammingAssignment1", "ProgrammingAssignment1.csproj", "{6C97A8C1-C5B6-404F-8B64-09B1E930E274}"
EndProject
Project("{2150E333-8FDC-42A3-9474-1A3956D46DE8}") = "Solution Items", "Solution Items", "{907FECE5-FC61-443A-8BD2-5966E4434003}"
EndProject
Global
	GlobalSection(SolutionConfigurationPlatforms) = preSolution
		Debug|Any CPU = Debug|Any CPU
		Release|Any CPU = Release|Any CPU
	EndGlobalSection
	GlobalSection(ProjectConfigurationPlatforms) = postSolution
		{6C97A8C1-C5B6-404F-8B64-09B1E930E274}.Debug|Any CPU.ActiveCfg = Debug|Any CPU
		{6C97A8C1-C5B6-404F-8B64-09B1E930E274}.Debug|Any CPU.Build.0 = Debug|Any CPU
		{6C97A8C1-C5B6-404F-8B64-09B1E930E274}.Release|Any CPU.ActiveCfg = Release|Any CPU
		{6C97A8C1-C5B6-404F-8B64-09B1E930E274}.Release|Any CPU.Build.0 = Release|Any CPU
	EndGlobalSection
	GlobalSection(SolutionProperties) = preSolution
		HideSolutionNode = FALSE
	EndGlobalSection
	GlobalSection(ExtensibilityGlobals) = postSolution
		SolutionGuid = {31F7C04C-3B01-4963-B810-F408892E5E0E}
	EndGlobalSection
EndGlobal
